
Microsoft Visual Studio Solution File, Format Version 12.00
# Visual Studio Version 16
VisualStudioVersion = 16.0.31829.152
MinimumVisualStudioVersion = 10.0.40219.1
Project("{FAE04EC0-301F-11D3-BF4B-00C04F79EFBC}") = "Задание 10", "Задание 10\Задание 10.csproj", "{B45B8904-E97D-4072-8788-BF50197683DB}"
EndProject
Global
	GlobalSection(SolutionConfigurationPlatforms) = preSolution
		Debug|Any CPU = Debug|Any CPU
		Release|Any CPU = Release|Any CPU
	EndGlobalSection
	GlobalSection(ProjectConfigurationPlatforms) = postSolution
		{B45B8904-E97D-4072-8788-BF50197683DB}.Debug|Any CPU.ActiveCfg = Debug|Any CPU
		{B45B8904-E97D-4072-8788-BF50197683DB}.Debug|Any CPU.Build.0 = Debug|Any CPU
		{B45B8904-E97D-4072-8788-BF50197683DB}.Release|Any CPU.ActiveCfg = Release|Any CPU
		{B45B8904-E97D-4072-8788-BF50197683DB}.Release|Any CPU.Build.0 = Release|Any CPU
	EndGlobalSection
	GlobalSection(SolutionProperties) = preSolution
		HideSolutionNode = FALSE
	EndGlobalSection
	GlobalSection(ExtensibilityGlobals) = postSolution
		SolutionGuid = {8E82E9C2-D84C-42D4-804F-EFD365DB51AA}
	EndGlobalSection
EndGlobal
